
Microsoft Visual Studio Solution File, Format Version 12.00
# Visual Studio Version 17
VisualStudioVersion = 17.7.34202.233
MinimumVisualStudioVersion = 10.0.40219.1
Project("{FAE04EC0-301F-11D3-BF4B-00C04F79EFBC}") = "portfolio.website", "portfolio.website\portfolio.website.csproj", "{B90ECE9B-CF7C-4E8A-8F40-3F0E3AA9E376}"
EndProject
Global
	GlobalSection(SolutionConfigurationPlatforms) = preSolution
		Debug|Any CPU = Debug|Any CPU
		Release|Any CPU = Release|Any CPU
	EndGlobalSection
	GlobalSection(ProjectConfigurationPlatforms) = postSolution
		{B90ECE9B-CF7C-4E8A-8F40-3F0E3AA9E376}.Debug|Any CPU.ActiveCfg = Debug|Any CPU
		{B90ECE9B-CF7C-4E8A-8F40-3F0E3AA9E376}.Debug|Any CPU.Build.0 = Debug|Any CPU
		{B90ECE9B-CF7C-4E8A-8F40-3F0E3AA9E376}.Release|Any CPU.ActiveCfg = Release|Any CPU
		{B90ECE9B-CF7C-4E8A-8F40-3F0E3AA9E376}.Release|Any CPU.Build.0 = Release|Any CPU
	EndGlobalSection
	GlobalSection(SolutionProperties) = preSolution
		HideSolutionNode = FALSE
	EndGlobalSection
	GlobalSection(ExtensibilityGlobals) = postSolution
		SolutionGuid = {05920863-3BB7-451A-BCD1-B0FB3B285C84}
	EndGlobalSection
EndGlobal
